
Microsoft Visual Studio Solution File, Format Version 12.00
# Visual Studio Version 17
VisualStudioVersion = 17.7.34031.279
MinimumVisualStudioVersion = 10.0.40219.1
Project("{FAE04EC0-301F-11D3-BF4B-00C04F79EFBC}") = "UsingStubs", "UsingStubs\UsingStubs.csproj", "{C0CB0B1A-0CC0-4587-82A5-30A60FDA95F9}"
EndProject
Global
	GlobalSection(SolutionConfigurationPlatforms) = preSolution
		Debug|Any CPU = Debug|Any CPU
		Release|Any CPU = Release|Any CPU
	EndGlobalSection
	GlobalSection(ProjectConfigurationPlatforms) = postSolution
		{C0CB0B1A-0CC0-4587-82A5-30A60FDA95F9}.Debug|Any CPU.ActiveCfg = Debug|Any CPU
		{C0CB0B1A-0CC0-4587-82A5-30A60FDA95F9}.Debug|Any CPU.Build.0 = Debug|Any CPU
		{C0CB0B1A-0CC0-4587-82A5-30A60FDA95F9}.Release|Any CPU.ActiveCfg = Release|Any CPU
		{C0CB0B1A-0CC0-4587-82A5-30A60FDA95F9}.Release|Any CPU.Build.0 = Release|Any CPU
	EndGlobalSection
	GlobalSection(SolutionProperties) = preSolution
		HideSolutionNode = FALSE
	EndGlobalSection
	GlobalSection(ExtensibilityGlobals) = postSolution
		SolutionGuid = {01C85EF5-9D51-4854-8F96-66E6AB81CABE}
	EndGlobalSection
EndGlobal
