
Microsoft Visual Studio Solution File, Format Version 12.00
# Visual Studio Version 17
VisualStudioVersion = 17.7.34031.279
MinimumVisualStudioVersion = 10.0.40219.1
Project("{FAE04EC0-301F-11D3-BF4B-00C04F79EFBC}") = "DataDrivenTesting", "DataDrivenTesting\DataDrivenTesting.csproj", "{93F196CB-C93A-4E2D-850A-DBDE70488E40}"
EndProject
Global
	GlobalSection(SolutionConfigurationPlatforms) = preSolution
		Debug|Any CPU = Debug|Any CPU
		Release|Any CPU = Release|Any CPU
	EndGlobalSection
	GlobalSection(ProjectConfigurationPlatforms) = postSolution
		{93F196CB-C93A-4E2D-850A-DBDE70488E40}.Debug|Any CPU.ActiveCfg = Debug|Any CPU
		{93F196CB-C93A-4E2D-850A-DBDE70488E40}.Debug|Any CPU.Build.0 = Debug|Any CPU
		{93F196CB-C93A-4E2D-850A-DBDE70488E40}.Release|Any CPU.ActiveCfg = Release|Any CPU
		{93F196CB-C93A-4E2D-850A-DBDE70488E40}.Release|Any CPU.Build.0 = Release|Any CPU
	EndGlobalSection
	GlobalSection(SolutionProperties) = preSolution
		HideSolutionNode = FALSE
	EndGlobalSection
	GlobalSection(ExtensibilityGlobals) = postSolution
		SolutionGuid = {AE31B4AF-CD12-45CB-99C6-2856A13899BE}
	EndGlobalSection
EndGlobal
